lockfileVersion: '9.0'

settings:
  autoInstallPeers: true
  excludeLinksFromLockfile: false

importers:

  .:
    devDependencies:
      baseline-browser-mapping:
        specifier: ^2.10.24
        version: 2.10.24

packages:

  baseline-browser-mapping@2.10.24:
    resolution: {integrity: sha512-I2NkZOOrj2XuguvWCK6OVh9GavsNjZjK908Rq3mIBK25+GD8vPX5w2WdxVqnQ7xx3SrZJiCiZFu+/Oz50oSYSA==}
    engines: {node: '>=6.0.0'}
    hasBin: true

snapshots:

  baseline-browser-mapping@2.10.24: {}
